{
  "originHash" : "182db11c87d1734fe53a6366b674339f70901a93290bd85def29b63e25e34c43",
  "pins" : [
    {
      "identity" : "realm-core",
      "kind" : "remoteSourceControl",
      "location" : "https://github.com/realm/realm-core.git",
      "state" : {
        "revision" : "a5e87a39cffdcc591f3203c11cfca68100d0b9a6",
        "version" : "13.26.0"
      }
    },
    {
      "identity" : "realm-swift",
      "kind" : "remoteSourceControl",
      "location" : "https://github.com/realm/realm-swift.git",
      "state" : {
        "branch" : "master",
        "revision" : "3dc49f7bfb27019e3f847851a3d2242a70711785"
      }
    }
  ],
  "version" : 3
}
