// !$*UTF8*$!
{
	archiveVersion = 1;
	classes = {
	};
	objectVersion = 56;
	objects = {

/* Begin PBXBuildFile section */
		EAAB48972B99E2DF008F0665 /* ptApp.swift in Sources */ = {isa = PBXBuildFile; fileRef = EAAB48962B99E2DF008F0665 /* ptApp.swift */; };
		EAAB48992B99E2DF008F0665 /* ContentView.swift in Sources */ = {isa = PBXBuildFile; fileRef = EAAB48982B99E2DF008F0665 /* ContentView.swift */; };
		EAAB489B2B99E2E0008F0665 /* Assets.xcassets in Resources */ = {isa = PBXBuildFile; fileRef = EAAB489A2B99E2E0008F0665 /* Assets.xcassets */; };
		EAAB489E2B99E2E0008F0665 /* Preview Assets.xcassets in Resources */ = {isa = PBXBuildFile; fileRef = EAAB489D2B99E2E0008F0665 /* Preview Assets.xcassets */; };
		EAAB48A82B99E2E0008F0665 /* ptTests.swift in Sources */ = {isa = PBXBuildFile; fileRef = EAAB48A72B99E2E0008F0665 /* ptTests.swift */; };
		EAAB48B22B99E2E0008F0665 /* ptUITests.swift in Sources */ = {isa = PBXBuildFile; fileRef = EAAB48B12B99E2E0008F0665 /* ptUITests.swift */; };
		EAAB48B42B99E2E0008F0665 /* ptUITestsLaunchTests.swift in Sources */ = {isa = PBXBuildFile; fileRef = EAAB48B32B99E2E0008F0665 /* ptUITestsLaunchTests.swift */; };
/* End PBXBuildFile section */

/* Begin PBXContainerItemProxy section */
		EAAB48A42B99E2E0008F0665 /* PBXContainerItemProxy */ = {
			isa = PBXContainerItemProxy;
			containerPortal = EAAB488B2B99E2DF008F0665 /* Project object */;
			proxyType = 1;
			remoteGlobalIDString = EAAB48922B99E2DF008F0665;
			remoteInfo = pt;
		};
		EAAB48AE2B99E2E0008F0665 /* PBXContainerItemProxy */ = {
			isa = PBXContainerItemProxy;
			containerPortal = EAAB488B2B99E2DF008F0665 /* Project object */;
			proxyType = 1;
			remoteGlobalIDString = EAAB48922B99E2DF008F0665;
			remoteInfo = pt;
		};
/* End PBXContainerItemProxy section */

/* Begin PBXFileReference section */
		EAAB48932B99E2DF008F0665 /* pt.app */ = {isa = PBXFileReference; explicitFileType = wrapper.application; includeInIndex = 0; path = pt.app; sourceTree = BUILT_PRODUCTS_DIR; };
		EAAB48962B99E2DF008F0665 /* ptApp.swift */ = {isa = PBXFileReference; lastKnownFileType = sourcecode.swift; path = ptApp.swift; sourceTree = "<group>"; };
		EAAB48982B99E2DF008F0665 /* ContentView.swift */ = {isa = PBXFileReference; lastKnownFileType = sourcecode.swift; path = ContentView.swift; sourceTree = "<group>"; };
		EAAB489A2B99E2E0008F0665 /* Assets.xcassets */ = {isa = PBXFileReference; lastKnownFileType = folder.assetcatalog; path = Assets.xcassets; sourceTree = "<group>"; };
		EAAB489D2B99E2E0008F0665 /* Preview Assets.xcassets */ = {isa = PBXFileReference; lastKnownFileType = folder.assetcatalog; path = "Preview Assets.xcassets"; sourceTree = "<group>"; };
		EAAB48A32B99E2E0008F0665 /* ptTests.xctest */ = {isa = PBXFileReference; explicitFileType = wrapper.cfbundle; includeInIndex = 0; path = ptTests.xctest; sourceTree = BUILT_PRODUCTS_DIR; };
		EAAB48A72B99E2E0008F0665 /* ptTests.swift */ = {isa = PBXFileReference; lastKnownFileType = sourcecode.swift; path = ptTests.swift; sourceTree = "<group>"; };
		EAAB48AD2B99E2E0008F0665 /* ptUITests.xctest */ = {isa = PBXFileReference; explicitFileType = wrapper.cfbundle; includeInIndex = 0; path = ptUITests.xctest; sourceTree = BUILT_PRODUCTS_DIR; };
		EAAB48B12B99E2E0008F0665 /* ptUITests.swift */ = {isa = PBXFileReference; lastKnownFileType = sourcecode.swift; path = ptUITests.swift; sourceTree = "<group>"; };
		EAAB48B32B99E2E0008F0665 /* ptUITestsLaunchTests.swift */ = {isa = PBXFileReference; lastKnownFileType = sourcecode.swift; path = ptUITestsLaunchTests.swift; sourceTree = "<group>"; };
/* End PBXFileReference section */

/* Begin PBXFrameworksBuildPhase section */
		EAAB48902B99E2DF008F0665 /* Frameworks */ = {
			isa = PBXFrameworksBuildPhase;
			buildActionMask = 2147483647;
			files = (
			);
			runOnlyForDeploymentPostprocessing = 0;
		};
		EAAB48A02B99E2E0008F0665 /* Frameworks */ = {
			isa = PBXFrameworksBuildPhase;
			buildActionMask = 2147483647;
			files = (
			);
			runOnlyForDeploymentPostprocessing = 0;
		};
		EAAB48AA2B99E2E0008F0665 /* Frameworks */ = {
			isa = PBXFrameworksBuildPhase;
			buildActionMask = 2147483647;
			files = (
			);
			runOnlyForDeploymentPostprocessing = 0;
		};
/* End PBXFrameworksBuildPhase section */

/* Begin PBXGroup section */
		EAAB488A2B99E2DF008F0665 = {
			isa = PBXGroup;
			children = (
				EAAB48952B99E2DF008F0665 /* pt */,
				EAAB48A62B99E2E0008F0665 /* ptTests */,
				EAAB48B02B99E2E0008F0665 /* ptUITests */,
				EAAB48942B99E2DF008F0665 /* Products */,
			);
			sourceTree = "<group>";
		};
		EAAB48942B99E2DF008F0665 /* Products */ = {
			isa = PBXGroup;
			children = (
				EAAB48932B99E2DF008F0665 /* pt.app */,
				EAAB48A32B99E2E0008F0665 /* ptTests.xctest */,
				EAAB48AD2B99E2E0008F0665 /* ptUITests.xctest */,
			);
			name = Products;
			sourceTree = "<group>";
		};
		EAAB48952B99E2DF008F0665 /* pt */ = {
			isa = PBXGroup;
			children = (
				EAAB48962B99E2DF008F0665 /* ptApp.swift */,
				EAAB48982B99E2DF008F0665 /* ContentView.swift */,
				EAAB489A2B99E2E0008F0665 /* Assets.xcassets */,
				EAAB489C2B99E2E0008F0665 /* Preview Content */,
			);
			path = pt;
			sourceTree = "<group>";
		};
		EAAB489C2B99E2E0008F0665 /* Preview Content */ = {
			isa = PBXGroup;
			children = (
				EAAB489D2B99E2E0008F0665 /* Preview Assets.xcassets */,
			);
			path = "Preview Content";
			sourceTree = "<group>";
		};
		EAAB48A62B99E2E0008F0665 /* ptTests */ = {
			isa = PBXGroup;
			children = (
				EAAB48A72B99E2E0008F0665 /* ptTests.swift */,
			);
			path = ptTests;
			sourceTree = "<group>";
		};
		EAAB48B02B99E2E0008F0665 /* ptUITests */ = {
			isa = PBXGroup;
			children = (
				EAAB48B12B99E2E0008F0665 /* ptUITests.swift */,
				EAAB48B32B99E2E0008F0665 /* ptUITestsLaunchTests.swift */,
			);
			path = ptUITests;
			sourceTree = "<group>";
		};
/* End PBXGroup section */

/* Begin PBXNativeTarget section */
		EAAB48922B99E2DF008F0665 /* pt */ = {
			isa = PBXNativeTarget;
			buildConfigurationList = EAAB48B72B99E2E0008F0665 /* Build configuration list for PBXNativeTarget "pt" */;
			buildPhases = (
				EAAB488F2B99E2DF008F0665 /* Sources */,
				EAAB48902B99E2DF008F0665 /* Frameworks */,
				EAAB48912B99E2DF008F0665 /* Resources */,
			);
			buildRules = (
			);
			dependencies = (
			);
			name = pt;
			productName = pt;
			productReference = EAAB48932B99E2DF008F0665 /* pt.app */;
			productType = "com.apple.product-type.application";
		};
		EAAB48A22B99E2E0008F0665 /* ptTests */ = {
			isa = PBXNativeTarget;
			buildConfigurationList = EAAB48BA2B99E2E0008F0665 /* Build configuration list for PBXNativeTarget "ptTests" */;
			buildPhases = (
				EAAB489F2B99E2E0008F0665 /* Sources */,
				EAAB48A02B99E2E0008F0665 /* Frameworks */,
				EAAB48A12B99E2E0008F0665 /* Resources */,
			);
			buildRules = (
			);
			dependencies = (
				EAAB48A52B99E2E0008F0665 /* PBXTargetDependency */,
			);
			name = ptTests;
			productName = ptTests;
			productReference = EAAB48A32B99E2E0008F0665 /* ptTests.xctest */;
			productType = "com.apple.product-type.bundle.unit-test";
		};
		EAAB48AC2B99E2E0008F0665 /* ptUITests */ = {
			isa = PBXNativeTarget;
			buildConfigurationList = EAAB48BD2B99E2E0008F0665 /* Build configuration list for PBXNativeTarget "ptUITests" */;
			buildPhases = (
				EAAB48A92B99E2E0008F0665 /* Sources */,
				EAAB48AA2B99E2E0008F0665 /* Frameworks */,
				EAAB48AB2B99E2E0008F0665 /* Resources */,
			);
			buildRules = (
			);
			dependencies = (
				EAAB48AF2B99E2E0008F0665 /* PBXTargetDependency */,
			);
			name = ptUITests;
			productName = ptUITests;
			productReference = EAAB48AD2B99E2E0008F0665 /* ptUITests.xctest */;
			productType = "com.apple.product-type.bundle.ui-testing";
		};
/* End PBXNativeTarget section */

/* Begin PBXProject section */
		EAAB488B2B99E2DF008F0665 /* Project object */ = {
			isa = PBXProject;
			attributes = {
				BuildIndependentTargetsInParallel = 1;
				LastSwiftUpdateCheck = 1520;
				LastUpgradeCheck = 1520;
				TargetAttributes = {
					EAAB48922B99E2DF008F0665 = {
						CreatedOnToolsVersion = 15.2;
					};
					EAAB48A22B99E2E0008F0665 = {
						CreatedOnToolsVersion = 15.2;
						TestTargetID = EAAB48922B99E2DF008F0665;
					};
					EAAB48AC2B99E2E0008F0665 = {
						CreatedOnToolsVersion = 15.2;
						TestTargetID = EAAB48922B99E2DF008F0665;
					};
				};
			};
			buildConfigurationList = EAAB488E2B99E2DF008F0665 /* Build configuration list for PBXProject "pt" */;
			compatibilityVersion = "Xcode 14.0";
			developmentRegion = en;
			hasScannedForEncodings = 0;
			knownRegions = (
				en,
				Base,
			);
			mainGroup = EAAB488A2B99E2DF008F0665;
			productRefGroup = EAAB48942B99E2DF008F0665 /* Products */;
			projectDirPath = "";
			projectRoot = "";
			targets = (
				EAAB48922B99E2DF008F0665 /* pt */,
				EAAB48A22B99E2E0008F0665 /* ptTests */,
				EAAB48AC2B99E2E0008F0665 /* ptUITests */,
			);
		};
/* End PBXProject section */

/* Begin PBXResourcesBuildPhase section */
		EAAB48912B99E2DF008F0665 /* Resources */ = {
			isa = PBXResourcesBuildPhase;
			buildActionMask = 2147483647;
			files = (
				EAAB489E2B99E2E0008F0665 /* Preview Assets.xcassets in Resources */,
				EAAB489B2B99E2E0008F0665 /* Assets.xcassets in Resources */,
			);
			runOnlyForDeploymentPostprocessing = 0;
		};
		EAAB48A12B99E2E0008F0665 /* Resources */ = {
			isa = PBXResourcesBuildPhase;
			buildActionMask = 2147483647;
			files = (
			);
			runOnlyForDeploymentPostprocessing = 0;
		};
		EAAB48AB2B99E2E0008F0665 /* Resources */ = {
			isa = PBXResourcesBuildPhase;
			buildActionMask = 2147483647;
			files = (
			);
			runOnlyForDeploymentPostprocessing = 0;
		};
/* End PBXResourcesBuildPhase section */

/* Begin PBXSourcesBuildPhase section */
		EAAB488F2B99E2DF008F0665 /* Sources */ = {
			isa = PBXSourcesBuildPhase;
			buildActionMask = 2147483647;
			files = (
				EAAB48992B99E2DF008F0665 /* ContentView.swift in Sources */,
				EAAB48972B99E2DF008F0665 /* ptApp.swift in Sources */,
			);
			runOnlyForDeploymentPostprocessing = 0;
		};
		EAAB489F2B99E2E0008F0665 /* Sources */ = {
			isa = PBXSourcesBuildPhase;
			buildActionMask = 2147483647;
			files = (
				EAAB48A82B99E2E0008F0665 /* ptTests.swift in Sources */,
			);
			runOnlyForDeploymentPostprocessing = 0;
		};
		EAAB48A92B99E2E0008F0665 /* Sources */ = {
			isa = PBXSourcesBuildPhase;
			buildActionMask = 2147483647;
			files = (
				EAAB48B42B99E2E0008F0665 /* ptUITestsLaunchTests.swift in Sources */,
				EAAB48B22B99E2E0008F0665 /* ptUITests.swift in Sources */,
			);
			runOnlyForDeploymentPostprocessing = 0;
		};
/* End PBXSourcesBuildPhase section */

/* Begin PBXTargetDependency section */
		EAAB48A52B99E2E0008F0665 /* PBXTargetDependency */ = {
			isa = PBXTargetDependency;
			target = EAAB48922B99E2DF008F0665 /* pt */;
			targetProxy = EAAB48A42B99E2E0008F0665 /* PBXContainerItemProxy */;
		};
		EAAB48AF2B99E2E0008F0665 /* PBXTargetDependency */ = {
			isa = PBXTargetDependency;
			target = EAAB48922B99E2DF008F0665 /* pt */;
			targetProxy = EAAB48AE2B99E2E0008F0665 /* PBXContainerItemProxy */;
		};
/* End PBXTargetDependency section */

/* Begin XCBuildConfiguration section */
		EAAB48B52B99E2E0008F0665 /* Debug */ = {
			isa = XCBuildConfiguration;
			buildSettings = {
				ALWAYS_SEARCH_USER_PATHS = NO;
				ASSETCATALOG_COMPILER_GENERATE_SWIFT_ASSET_SYMBOL_EXTENSIONS = YES;
				CLANG_ANALYZER_NONNULL = YES;
				CLANG_ANALYZER_NUMBER_OBJECT_CONVERSION = YES_AGGRESSIVE;
				CLANG_CXX_LANGUAGE_STANDARD = "gnu++20";
				CLANG_ENABLE_MODULES = YES;
				CLANG_ENABLE_OBJC_ARC = YES;
				CLANG_ENABLE_OBJC_WEAK = YES;
				CLANG_WARN_BLOCK_CAPTURE_AUTORELEASING = YES;
				CLANG_WARN_BOOL_CONVERSION = YES;
				CLANG_WARN_COMMA = YES;
				CLANG_WARN_CONSTANT_CONVERSION = YES;
				CLANG_WARN_DEPRECATED_OBJC_IMPLEMENTATIONS = YES;
				CLANG_WARN_DIRECT_OBJC_ISA_USAGE = YES_ERROR;
				CLANG_WARN_DOCUMENTATION_COMMENTS = YES;
				CLANG_WARN_EMPTY_BODY = YES;
				CLANG_WARN_ENUM_CONVERSION = YES;
				CLANG_WARN_INFINITE_RECURSION = YES;
				CLANG_WARN_INT_CONVERSION = YES;
				CLANG_WARN_NON_LITERAL_NULL_CONVERSION = YES;
				CLANG_WARN_OBJC_IMPLICIT_RETAIN_SELF = YES;
				CLANG_WARN_OBJC_LITERAL_CONVERSION = YES;
				CLANG_WARN_OBJC_ROOT_CLASS = YES_ERROR;
				CLANG_WARN_QUOTED_INCLUDE_IN_FRAMEWORK_HEADER = YES;
				CLANG_WARN_RANGE_LOOP_ANALYSIS = YES;
				CLANG_WARN_STRICT_PROTOTYPES = YES;
				CLANG_WARN_SUSPICIOUS_MOVE = YES;
				CLANG_WARN_UNGUARDED_AVAILABILITY = YES_AGGRESSIVE;
				CLANG_WARN_UNREACHABLE_CODE = YES;
				CLANG_WARN__DUPLICATE_METHOD_MATCH = YES;
				COPY_PHASE_STRIP = NO;
				DEBUG_INFORMATION_FORMAT = dwarf;
				ENABLE_STRICT_OBJC_MSGSEND = YES;
				ENABLE_TESTABILITY = YES;
				ENABLE_USER_SCRIPT_SANDBOXING = YES;
				GCC_C_LANGUAGE_STANDARD = gnu17;
				GCC_DYNAMIC_NO_PIC = NO;
				GCC_NO_COMMON_BLOCKS = YES;
				GCC_OPTIMIZATION_LEVEL = 0;
				GCC_PREPROCESSOR_DEFINITIONS = (
					"DEBUG=1",
					"$(inherited)",
				);
				GCC_WARN_64_TO_32_BIT_CONVERSION = YES;
				GCC_WARN_ABOUT_RETURN_TYPE = YES_ERROR;
				GCC_WARN_UNDECLARED_SELECTOR = YES;
				GCC_WARN_UNINITIALIZED_AUTOS = YES_AGGRESSIVE;
				GCC_WARN_UNUSED_FUNCTION = YES;
				GCC_WARN_UNUSED_VARIABLE = YES;
				IPHONEOS_DEPLOYMENT_TARGET = 17.2;
				LOCALIZATION_PREFERS_STRING_CATALOGS = YES;
				MTL_ENABLE_DEBUG_INFO = INCLUDE_SOURCE;
				MTL_FAST_MATH = YES;
				ONLY_ACTIVE_ARCH = YES;
				SDKROOT = iphoneos;
				SWIFT_ACTIVE_COMPILATION_CONDITIONS = "DEBUG $(inherited)";
				SWIFT_OPTIMIZATION_LEVEL = "-Onone";
			};
			name = Debug;
		};
		EAAB48B62B99E2E0008F0665 /* Release */ = {
			isa = XCBuildConfiguration;
			buildSettings = {
				ALWAYS_SEARCH_USER_PATHS = NO;
				ASSETCATALOG_COMPILER_GENERATE_SWIFT_ASSET_SYMBOL_EXTENSIONS = YES;
				CLANG_ANALYZER_NONNULL = YES;
				CLANG_ANALYZER_NUMBER_OBJECT_CONVERSION = YES_AGGRESSIVE;
				CLANG_CXX_LANGUAGE_STANDARD = "gnu++20";
				CLANG_ENABLE_MODULES = YES;
				CLANG_ENABLE_OBJC_ARC = YES;
				CLANG_ENABLE_OBJC_WEAK = YES;
				CLANG_WARN_BLOCK_CAPTURE_AUTORELEASING = YES;
				CLANG_WARN_BOOL_CONVERSION = YES;
				CLANG_WARN_COMMA = YES;
				CLANG_WARN_CONSTANT_CONVERSION = YES;
				CLANG_WARN_DEPRECATED_OBJC_IMPLEMENTATIONS = YES;
				CLANG_WARN_DIRECT_OBJC_ISA_USAGE = YES_ERROR;
				CLANG_WARN_DOCUMENTATION_COMMENTS = YES;
				CLANG_WARN_EMPTY_BODY = YES;
				CLANG_WARN_ENUM_CONVERSION = YES;
				CLANG_WARN_INFINITE_RECURSION = YES;
				CLANG_WARN_INT_CONVERSION = YES;
				CLANG_WARN_NON_LITERAL_NULL_CONVERSION = YES;
				CLANG_WARN_OBJC_IMPLICIT_RETAIN_SELF = YES;
				CLANG_WARN_OBJC_LITERAL_CONVERSION = YES;
				CLANG_WARN_OBJC_ROOT_CLASS = YES_ERROR;
				CLANG_WARN_QUOTED_INCLUDE_IN_FRAMEWORK_HEADER = YES;
				CLANG_WARN_RANGE_LOOP_ANALYSIS = YES;
				CLANG_WARN_STRICT_PROTOTYPES = YES;
				CLANG_WARN_SUSPICIOUS_MOVE = YES;
				CLANG_WARN_UNGUARDED_AVAILABILITY = YES_AGGRESSIVE;
				CLANG_WARN_UNREACHABLE_CODE = YES;
				CLANG_WARN__DUPLICATE_METHOD_MATCH = YES;
				COPY_PHASE_STRIP = NO;
				DEBUG_INFORMATION_FORMAT = "dwarf-with-dsym";
				ENABLE_NS_ASSERTIONS = NO;
				ENABLE_STRICT_OBJC_MSGSEND = YES;
				ENABLE_USER_SCRIPT_SANDBOXING = YES;
				GCC_C_LANGUAGE_STANDARD = gnu17;
				GCC_NO_COMMON_BLOCKS = YES;
				GCC_WARN_64_TO_32_BIT_CONVERSION = YES;
				GCC_WARN_ABOUT_RETURN_TYPE = YES_ERROR;
				GCC_WARN_UNDECLARED_SELECTOR = YES;
				GCC_WARN_UNINITIALIZED_AUTOS = YES_AGGRESSIVE;
				GCC_WARN_UNUSED_FUNCTION = YES;
				GCC_WARN_UNUSED_VARIABLE = YES;
				IPHONEOS_DEPLOYMENT_TARGET = 17.2;
				LOCALIZATION_PREFERS_STRING_CATALOGS = YES;
				MTL_ENABLE_DEBUG_INFO = NO;
				MTL_FAST_MATH = YES;
				SDKROOT = iphoneos;
				SWIFT_COMPILATION_MODE = wholemodule;
				VALIDATE_PRODUCT = YES;
			};
			name = Release;
		};
		EAAB48B82B99E2E0008F0665 /* Debug */ = {
			isa = XCBuildConfiguration;
			buildSettings = {
				ASSETCATALOG_COMPILER_APPICON_NAME = AppIcon;
				ASSETCATALOG_COMPILER_GLOBAL_ACCENT_COLOR_NAME = AccentColor;
				CODE_SIGN_STYLE = Automatic;
				CURRENT_PROJECT_VERSION = 1;
				DEVELOPMENT_ASSET_PATHS = "\"pt/Preview Content\"";
				ENABLE_PREVIEWS = YES;
				GENERATE_INFOPLIST_FILE = YES;
				INFOPLIST_KEY_UIApplicationSceneManifest_Generation = YES;
				INFOPLIST_KEY_UIApplicationSupportsIndirectInputEvents = YES;
				INFOPLIST_KEY_UILaunchScreen_Generation = YES;
				INFOPLIST_KEY_UISupportedInterfaceOrientations_iPad = "UIInterfaceOrientationPortrait UIInterfaceOrientationPortraitUpsideDown UIInterfaceOrientationLandscapeLeft UIInterfaceOrientationLandscapeRight";
				INFOPLIST_KEY_UISupportedInterfaceOrientations_iPhone = "UIInterfaceOrientationPortrait UIInterfaceOrientationLandscapeLeft UIInterfaceOrientationLandscapeRight";
				LD_RUNPATH_SEARCH_PATHS = (
					"$(inherited)",
					"@executable_path/Frameworks",
				);
				MARKETING_VERSION = 1.0;
				PRODUCT_BUNDLE_IDENTIFIER = "-02235061.pt";
				PRODUCT_NAME = "$(TARGET_NAME)";
				SWIFT_EMIT_LOC_STRINGS = YES;
				SWIFT_VERSION = 5.0;
				TARGETED_DEVICE_FAMILY = "1,2";
			};
			name = Debug;
		};
		EAAB48B92B99E2E0008F0665 /* Release */ = {
			isa = XCBuildConfiguration;
			buildSettings = {
				ASSETCATALOG_COMPILER_APPICON_NAME = AppIcon;
				ASSETCATALOG_COMPILER_GLOBAL_ACCENT_COLOR_NAME = AccentColor;
				CODE_SIGN_STYLE = Automatic;
				CURRENT_PROJECT_VERSION = 1;
				DEVELOPMENT_ASSET_PATHS = "\"pt/Preview Content\"";
				ENABLE_PREVIEWS = YES;
				GENERATE_INFOPLIST_FILE = YES;
				INFOPLIST_KEY_UIApplicationSceneManifest_Generation = YES;
				INFOPLIST_KEY_UIApplicationSupportsIndirectInputEvents = YES;
				INFOPLIST_KEY_UILaunchScreen_Generation = YES;
				INFOPLIST_KEY_UISupportedInterfaceOrientations_iPad = "UIInterfaceOrientationPortrait UIInterfaceOrientationPortraitUpsideDown UIInterfaceOrientationLandscapeLeft UIInterfaceOrientationLandscapeRight";
				INFOPLIST_KEY_UISupportedInterfaceOrientations_iPhone = "UIInterfaceOrientationPortrait UIInterfaceOrientationLandscapeLeft UIInterfaceOrientationLandscapeRight";
				LD_RUNPATH_SEARCH_PATHS = (
					"$(inherited)",
					"@executable_path/Frameworks",
				);
				MARKETING_VERSION = 1.0;
				PRODUCT_BUNDLE_IDENTIFIER = "-02235061.pt";
				PRODUCT_NAME = "$(TARGET_NAME)";
				SWIFT_EMIT_LOC_STRINGS = YES;
				SWIFT_VERSION = 5.0;
				TARGETED_DEVICE_FAMILY = "1,2";
			};
			name = Release;
		};
		EAAB48BB2B99E2E0008F0665 /* Debug */ = {
			isa = XCBuildConfiguration;
			buildSettings = {
				ALWAYS_EMBED_SWIFT_STANDARD_LIBRARIES = YES;
				BUNDLE_LOADER = "$(TEST_HOST)";
				CODE_SIGN_STYLE = Automatic;
				CURRENT_PROJECT_VERSION = 1;
				GENERATE_INFOPLIST_FILE = YES;
				IPHONEOS_DEPLOYMENT_TARGET = 17.2;
				MARKETING_VERSION = 1.0;
				PRODUCT_BUNDLE_IDENTIFIER = "-02235061.ptTests";
				PRODUCT_NAME = "$(TARGET_NAME)";
				SWIFT_EMIT_LOC_STRINGS = NO;
				SWIFT_VERSION = 5.0;
				TARGETED_DEVICE_FAMILY = "1,2";
				TEST_HOST = "$(BUILT_PRODUCTS_DIR)/pt.app/$(BUNDLE_EXECUTABLE_FOLDER_PATH)/pt";
			};
			name = Debug;
		};
		EAAB48BC2B99E2E0008F0665 /* Release */ = {
			isa = XCBuildConfiguration;
			buildSettings = {
				ALWAYS_EMBED_SWIFT_STANDARD_LIBRARIES = YES;
				BUNDLE_LOADER = "$(TEST_HOST)";
				CODE_SIGN_STYLE = Automatic;
				CURRENT_PROJECT_VERSION = 1;
				GENERATE_INFOPLIST_FILE = YES;
				IPHONEOS_DEPLOYMENT_TARGET = 17.2;
				MARKETING_VERSION = 1.0;
				PRODUCT_BUNDLE_IDENTIFIER = "-02235061.ptTests";
				PRODUCT_NAME = "$(TARGET_NAME)";
				SWIFT_EMIT_LOC_STRINGS = NO;
				SWIFT_VERSION = 5.0;
				TARGETED_DEVICE_FAMILY = "1,2";
				TEST_HOST = "$(BUILT_PRODUCTS_DIR)/pt.app/$(BUNDLE_EXECUTABLE_FOLDER_PATH)/pt";
			};
			name = Release;
		};
		EAAB48BE2B99E2E0008F0665 /* Debug */ = {
			isa = XCBuildConfiguration;
			buildSettings = {
				ALWAYS_EMBED_SWIFT_STANDARD_LIBRARIES = YES;
				CODE_SIGN_STYLE = Automatic;
				CURRENT_PROJECT_VERSION = 1;
				GENERATE_INFOPLIST_FILE = YES;
				MARKETING_VERSION = 1.0;
				PRODUCT_BUNDLE_IDENTIFIER = "-02235061.ptUITests";
				PRODUCT_NAME = "$(TARGET_NAME)";
				SWIFT_EMIT_LOC_STRINGS = NO;
				SWIFT_VERSION = 5.0;
				TARGETED_DEVICE_FAMILY = "1,2";
				TEST_TARGET_NAME = pt;
			};
			name = Debug;
		};
		EAAB48BF2B99E2E0008F0665 /* Release */ = {
			isa = XCBuildConfiguration;
			buildSettings = {
				ALWAYS_EMBED_SWIFT_STANDARD_LIBRARIES = YES;
				CODE_SIGN_STYLE = Automatic;
				CURRENT_PROJECT_VERSION = 1;
				GENERATE_INFOPLIST_FILE = YES;
				MARKETING_VERSION = 1.0;
				PRODUCT_BUNDLE_IDENTIFIER = "-02235061.ptUITests";
				PRODUCT_NAME = "$(TARGET_NAME)";
				SWIFT_EMIT_LOC_STRINGS = NO;
				SWIFT_VERSION = 5.0;
				TARGETED_DEVICE_FAMILY = "1,2";
				TEST_TARGET_NAME = pt;
			};
			name = Release;
		};
/* End XCBuildConfiguration section */

/* Begin XCConfigurationList section */
		EAAB488E2B99E2DF008F0665 /* Build configuration list for PBXProject "pt" */ = {
			isa = XCConfigurationList;
			buildConfigurations = (
				EAAB48B52B99E2E0008F0665 /* Debug */,
				EAAB48B62B99E2E0008F0665 /* Release */,
			);
			defaultConfigurationIsVisible = 0;
			defaultConfigurationName = Release;
		};
		EAAB48B72B99E2E0008F0665 /* Build configuration list for PBXNativeTarget "pt" */ = {
			isa = XCConfigurationList;
			buildConfigurations = (
				EAAB48B82B99E2E0008F0665 /* Debug */,
				EAAB48B92B99E2E0008F0665 /* Release */,
			);
			defaultConfigurationIsVisible = 0;
			defaultConfigurationName = Release;
		};
		EAAB48BA2B99E2E0008F0665 /* Build configuration list for PBXNativeTarget "ptTests" */ = {
			isa = XCConfigurationList;
			buildConfigurations = (
				EAAB48BB2B99E2E0008F0665 /* Debug */,
				EAAB48BC2B99E2E0008F0665 /* Release */,
			);
			defaultConfigurationIsVisible = 0;
			defaultConfigurationName = Release;
		};
		EAAB48BD2B99E2E0008F0665 /* Build configuration list for PBXNativeTarget "ptUITests" */ = {
			isa = XCConfigurationList;
			buildConfigurations = (
				EAAB48BE2B99E2E0008F0665 /* Debug */,
				EAAB48BF2B99E2E0008F0665 /* Release */,
			);
			defaultConfigurationIsVisible = 0;
			defaultConfigurationName = Release;
		};
/* End XCConfigurationList section */
	};
	rootObject = EAAB488B2B99E2DF008F0665 /* Project object */;
}
